
Microsoft Visual Studio Solution File, Format Version 12.00
# Visual Studio Version 17
VisualStudioVersion = 17.2.32630.192
MinimumVisualStudioVersion = 10.0.40219.1
Project("{2150E333-8FDC-42A3-9474-1A3956D46DE8}") = "Solution Items", "Solution Items", "{911699DD-A84E-45FE-BF7D-FF0FF2B336DE}"
	ProjectSection(SolutionItems) = preProject
		axis.pulsar.grammar.readme.md = axis.pulsar.grammar.readme.md
		axis.pulsar.languages.readme.md = axis.pulsar.languages.readme.md
		NOTES.txt = NOTES.txt
	EndProjectSection
EndProject
Project("{2150E333-8FDC-42A3-9474-1A3956D46DE8}") = "Tests", "Tests", "{1FF108D1-A5A3-440E-A034-1EE03D1D80B7}"
EndProject
Project("{2150E333-8FDC-42A3-9474-1A3956D46DE8}") = "Src", "Src", "{EA81C491-927F-46E2-A283-8E64DD3A0704}"
EndProject
Project("{9A19103F-16F7-4668-BE54-9A1E7A4F7556}") = "Axis.Pulsar.Grammar", "Axis.Pulsar.Grammar\Axis.Pulsar.Grammar.csproj", "{63F9B154-84A1-4BC1-92C2-CA17C2AA7E8C}"
EndProject
Project("{9A19103F-16F7-4668-BE54-9A1E7A4F7556}") = "Axis.Pusar.Grammar.Tests", "Axis.Pusar.Grammar.Tests\Axis.Pusar.Grammar.Tests.csproj", "{FEDC7355-2FE5-4515-B012-C8E4FA948B30}"
EndProject
Project("{9A19103F-16F7-4668-BE54-9A1E7A4F7556}") = "Axis.Pulsar.E2e", "Axis.Pulsar.E2e\Axis.Pulsar.E2e.csproj", "{C9DF26F7-9336-4365-9095-068254694B71}"
EndProject
Project("{9A19103F-16F7-4668-BE54-9A1E7A4F7556}") = "Axis.Pulsar.Languages", "Axis.Pulsar.Languages\Axis.Pulsar.Languages.csproj", "{794BA116-B357-4035-8580-41CE4A7AB80A}"
EndProject
Project("{9A19103F-16F7-4668-BE54-9A1E7A4F7556}") = "Axis.Pulsar.Languages.Tests", "Axis.Pulsar.Languages.Tests\Axis.Pulsar.Languages.Tests.csproj", "{F3537F36-12E4-44CE-B653-7BAAE95489FA}"
EndProject
Project("{FAE04EC0-301F-11D3-BF4B-00C04F79EFBC}") = "Axis.Pulsar.Core", "Axis.Pulsar.Core\Axis.Pulsar.Core.csproj", "{696E8139-26FB-4AAD-B215-F39700F8B157}"
EndProject
Project("{FAE04EC0-301F-11D3-BF4B-00C04F79EFBC}") = "Axis.Pulsar.Core.Tests", "Axis.Pulsar.Core.Tests\Axis.Pulsar.Core.Tests.csproj", "{3366336C-8352-4040-8EFF-3C8F558FD210}"
EndProject
Project("{FAE04EC0-301F-11D3-BF4B-00C04F79EFBC}") = "Axis.Pulsar.Core.XBNF", "Axis.Pulsar.Core.XBNF\Axis.Pulsar.Core.XBNF.csproj", "{C0DA742D-DD9F-4B1F-A9DE-62E11980ADBD}"
EndProject
Global
	GlobalSection(SolutionConfigurationPlatforms) = preSolution
		Debug|Any CPU = Debug|Any CPU
		Release|Any CPU = Release|Any CPU
	EndGlobalSection
	GlobalSection(ProjectConfigurationPlatforms) = postSolution
		{63F9B154-84A1-4BC1-92C2-CA17C2AA7E8C}.Debug|Any CPU.ActiveCfg = Debug|Any CPU
		{63F9B154-84A1-4BC1-92C2-CA17C2AA7E8C}.Debug|Any CPU.Build.0 = Debug|Any CPU
		{63F9B154-84A1-4BC1-92C2-CA17C2AA7E8C}.Release|Any CPU.ActiveCfg = Release|Any CPU
		{63F9B154-84A1-4BC1-92C2-CA17C2AA7E8C}.Release|Any CPU.Build.0 = Release|Any CPU
		{FEDC7355-2FE5-4515-B012-C8E4FA948B30}.Debug|Any CPU.ActiveCfg = Debug|Any CPU
		{FEDC7355-2FE5-4515-B012-C8E4FA948B30}.Debug|Any CPU.Build.0 = Debug|Any CPU
		{FEDC7355-2FE5-4515-B012-C8E4FA948B30}.Release|Any CPU.ActiveCfg = Release|Any CPU
		{FEDC7355-2FE5-4515-B012-C8E4FA948B30}.Release|Any CPU.Build.0 = Release|Any CPU
		{C9DF26F7-9336-4365-9095-068254694B71}.Debug|Any CPU.ActiveCfg = Debug|Any CPU
		{C9DF26F7-9336-4365-9095-068254694B71}.Debug|Any CPU.Build.0 = Debug|Any CPU
		{C9DF26F7-9336-4365-9095-068254694B71}.Release|Any CPU.ActiveCfg = Release|Any CPU
		{C9DF26F7-9336-4365-9095-068254694B71}.Release|Any CPU.Build.0 = Release|Any CPU
		{794BA116-B357-4035-8580-41CE4A7AB80A}.Debug|Any CPU.ActiveCfg = Debug|Any CPU
		{794BA116-B357-4035-8580-41CE4A7AB80A}.Debug|Any CPU.Build.0 = Debug|Any CPU
		{794BA116-B357-4035-8580-41CE4A7AB80A}.Release|Any CPU.ActiveCfg = Release|Any CPU
		{794BA116-B357-4035-8580-41CE4A7AB80A}.Release|Any CPU.Build.0 = Release|Any CPU
		{F3537F36-12E4-44CE-B653-7BAAE95489FA}.Debug|Any CPU.ActiveCfg = Debug|Any CPU
		{F3537F36-12E4-44CE-B653-7BAAE95489FA}.Debug|Any CPU.Build.0 = Debug|Any CPU
		{F3537F36-12E4-44CE-B653-7BAAE95489FA}.Release|Any CPU.ActiveCfg = Release|Any CPU
		{F3537F36-12E4-44CE-B653-7BAAE95489FA}.Release|Any CPU.Build.0 = Release|Any CPU
		{696E8139-26FB-4AAD-B215-F39700F8B157}.Debug|Any CPU.ActiveCfg = Debug|Any CPU
		{696E8139-26FB-4AAD-B215-F39700F8B157}.Debug|Any CPU.Build.0 = Debug|Any CPU
		{696E8139-26FB-4AAD-B215-F39700F8B157}.Release|Any CPU.ActiveCfg = Release|Any CPU
		{696E8139-26FB-4AAD-B215-F39700F8B157}.Release|Any CPU.Build.0 = Release|Any CPU
		{3366336C-8352-4040-8EFF-3C8F558FD210}.Debug|Any CPU.ActiveCfg = Debug|Any CPU
		{3366336C-8352-4040-8EFF-3C8F558FD210}.Debug|Any CPU.Build.0 = Debug|Any CPU
		{3366336C-8352-4040-8EFF-3C8F558FD210}.Release|Any CPU.ActiveCfg = Release|Any CPU
		{3366336C-8352-4040-8EFF-3C8F558FD210}.Release|Any CPU.Build.0 = Release|Any CPU
		{C0DA742D-DD9F-4B1F-A9DE-62E11980ADBD}.Debug|Any CPU.ActiveCfg = Debug|Any CPU
		{C0DA742D-DD9F-4B1F-A9DE-62E11980ADBD}.Debug|Any CPU.Build.0 = Debug|Any CPU
		{C0DA742D-DD9F-4B1F-A9DE-62E11980ADBD}.Release|Any CPU.ActiveCfg = Release|Any CPU
		{C0DA742D-DD9F-4B1F-A9DE-62E11980ADBD}.Release|Any CPU.Build.0 = Release|Any CPU
	EndGlobalSection
	GlobalSection(SolutionProperties) = preSolution
		HideSolutionNode = FALSE
	EndGlobalSection
	GlobalSection(NestedProjects) = preSolution
		{63F9B154-84A1-4BC1-92C2-CA17C2AA7E8C} = {EA81C491-927F-46E2-A283-8E64DD3A0704}
		{FEDC7355-2FE5-4515-B012-C8E4FA948B30} = {1FF108D1-A5A3-440E-A034-1EE03D1D80B7}
		{C9DF26F7-9336-4365-9095-068254694B71} = {1FF108D1-A5A3-440E-A034-1EE03D1D80B7}
		{794BA116-B357-4035-8580-41CE4A7AB80A} = {EA81C491-927F-46E2-A283-8E64DD3A0704}
		{F3537F36-12E4-44CE-B653-7BAAE95489FA} = {1FF108D1-A5A3-440E-A034-1EE03D1D80B7}
		{696E8139-26FB-4AAD-B215-F39700F8B157} = {EA81C491-927F-46E2-A283-8E64DD3A0704}
		{3366336C-8352-4040-8EFF-3C8F558FD210} = {1FF108D1-A5A3-440E-A034-1EE03D1D80B7}
		{C0DA742D-DD9F-4B1F-A9DE-62E11980ADBD} = {EA81C491-927F-46E2-A283-8E64DD3A0704}
	EndGlobalSection
	GlobalSection(ExtensibilityGlobals) = postSolution
		SolutionGuid = {C6B54FB7-90D9-4D99-BC79-E903FFBDF3A9}
	EndGlobalSection
EndGlobal
